
Microsoft Visual Studio Solution File, Format Version 12.00
# Visual Studio Version 17
VisualStudioVersion = 17.3.32825.248
MinimumVisualStudioVersion = 10.0.40219.1
Project("{FAE04EC0-301F-11D3-BF4B-00C04F79EFBC}") = "n4", "n4\n4.csproj", "{456E6E94-2126-4727-87BB-D079D764D4FB}"
EndProject
Global
	GlobalSection(SolutionConfigurationPlatforms) = preSolution
		Debug|Any CPU = Debug|Any CPU
		Release|Any CPU = Release|Any CPU
	EndGlobalSection
	GlobalSection(ProjectConfigurationPlatforms) = postSolution
		{456E6E94-2126-4727-87BB-D079D764D4FB}.Debug|Any CPU.ActiveCfg = Debug|Any CPU
		{456E6E94-2126-4727-87BB-D079D764D4FB}.Debug|Any CPU.Build.0 = Debug|Any CPU
		{456E6E94-2126-4727-87BB-D079D764D4FB}.Release|Any CPU.ActiveCfg = Release|Any CPU
		{456E6E94-2126-4727-87BB-D079D764D4FB}.Release|Any CPU.Build.0 = Release|Any CPU
	EndGlobalSection
	GlobalSection(SolutionProperties) = preSolution
		HideSolutionNode = FALSE
	EndGlobalSection
	GlobalSection(ExtensibilityGlobals) = postSolution
		SolutionGuid = {2AE7DDA4-688B-43F0-A400-8A892627B247}
	EndGlobalSection
EndGlobal
